
Microsoft Visual Studio Solution File, Format Version 12.00
# Visual Studio Version 17
VisualStudioVersion = 17.7.34221.43
MinimumVisualStudioVersion = 10.0.40219.1
Project("{FAE04EC0-301F-11D3-BF4B-00C04F79EFBC}") = "Entschuldigungswriter", "Entschuldigungswriter\Entschuldigungswriter.csproj", "{46D130C8-78FC-4DA7-95FD-1BCF7C4F4CE0}"
EndProject
Global
	GlobalSection(SolutionConfigurationPlatforms) = preSolution
		Debug|Any CPU = Debug|Any CPU
		Release|Any CPU = Release|Any CPU
	EndGlobalSection
	GlobalSection(ProjectConfigurationPlatforms) = postSolution
		{46D130C8-78FC-4DA7-95FD-1BCF7C4F4CE0}.Debug|Any CPU.ActiveCfg = Debug|Any CPU
		{46D130C8-78FC-4DA7-95FD-1BCF7C4F4CE0}.Debug|Any CPU.Build.0 = Debug|Any CPU
		{46D130C8-78FC-4DA7-95FD-1BCF7C4F4CE0}.Release|Any CPU.ActiveCfg = Release|Any CPU
		{46D130C8-78FC-4DA7-95FD-1BCF7C4F4CE0}.Release|Any CPU.Build.0 = Release|Any CPU
	EndGlobalSection
	GlobalSection(SolutionProperties) = preSolution
		HideSolutionNode = FALSE
	EndGlobalSection
	GlobalSection(ExtensibilityGlobals) = postSolution
		SolutionGuid = {7E946EFF-D462-4E42-8B6C-CCE20A62A123}
	EndGlobalSection
EndGlobal
